// !$*UTF8*$!
{
	archiveVersion = 1;
	classes = {
	};
	objectVersion = 46;
	objects = {

/* Begin PBXBuildFile section */
		39ADE58E1F55BBC900171063 /* main.cpp in Sources */ = {isa = PBXBuildFile; fileRef = 39ADE58D1F55BBC900171063 /* main.cpp */; };
		39BA33991F59BF3800F0FDCA /* PatternMatching.cpp in Sources */ = {isa = PBXBuildFile; fileRef = 39BA33971F59BF3800F0FDCA /* PatternMatching.cpp */; };
/* End PBXBuildFile section */

/* Begin PBXCopyFilesBuildPhase section */
		39ADE5881F55BBC900171063 /* CopyFiles */ = {
			isa = PBXCopyFilesBuildPhase;
			buildActionMask = 2147483647;
			dstPath = /usr/share/man/man1/;
			dstSubfolderSpec = 0;
			files = (
			);
			runOnlyForDeploymentPostprocessing = 1;
		};
/* End PBXCopyFilesBuildPhase section */

/* Begin PBXFileReference section */
		39ADE58A1F55BBC900171063 /* AmazonAssessment */ = {isa = PBXFileReference; explicitFileType = "compiled.mach-o.executable"; includeInIndex = 0; path = AmazonAssessment; sourceTree = BUILT_PRODUCTS_DIR; };
		39ADE58D1F55BBC900171063 /* main.cpp */ = {isa = PBXFileReference; lastKnownFileType = sourcecode.cpp.cpp; path = main.cpp; sourceTree = "<group>"; };
		39BA33971F59BF3800F0FDCA /* PatternMatching.cpp */ = {isa = PBXFileReference; fileEncoding = 4; lastKnownFileType = sourcecode.cpp.cpp; path = PatternMatching.cpp; sourceTree = "<group>"; };
		39BA33981F59BF3800F0FDCA /* PatternMatching.hpp */ = {isa = PBXFileReference; fileEncoding = 4; lastKnownFileType = sourcecode.cpp.h; path = PatternMatching.hpp; sourceTree = "<group>"; };
/* End PBXFileReference section */

/* Begin PBXFrameworksBuildPhase section */
		39ADE5871F55BBC900171063 /* Frameworks */ = {
			isa = PBXFrameworksBuildPhase;
			buildActionMask = 2147483647;
			files = (
			);
			runOnlyForDeploymentPostprocessing = 0;
		};
/* End PBXFrameworksBuildPhase section */

/* Begin PBXGroup section */
		39ADE5811F55BBC900171063 = {
			isa = PBXGroup;
			children = (
				39ADE58C1F55BBC900171063 /* AmazonAssessment */,
				39ADE58B1F55BBC900171063 /* Products */,
			);
			sourceTree = "<group>";
		};
		39ADE58B1F55BBC900171063 /* Products */ = {
			isa = PBXGroup;
			children = (
				39ADE58A1F55BBC900171063 /* AmazonAssessment */,
			);
			name = Products;
			sourceTree = "<group>";
		};
		39ADE58C1F55BBC900171063 /* AmazonAssessment */ = {
			isa = PBXGroup;
			children = (
				39ADE58D1F55BBC900171063 /* main.cpp */,
				39BA33971F59BF3800F0FDCA /* PatternMatching.cpp */,
				39BA33981F59BF3800F0FDCA /* PatternMatching.hpp */,
			);
			path = AmazonAssessment;
			sourceTree = "<group>";
		};
/* End PBXGroup section */

/* Begin PBXNativeTarget section */
		39ADE5891F55BBC900171063 /* AmazonAssessment */ = {
			isa = PBXNativeTarget;
			buildConfigurationList = 39ADE5911F55BBC900171063 /* Build configuration list for PBXNativeTarget "AmazonAssessment" */;
			buildPhases = (
				39ADE5861F55BBC900171063 /* Sources */,
				39ADE5871F55BBC900171063 /* Frameworks */,
				39ADE5881F55BBC900171063 /* CopyFiles */,
			);
			buildRules = (
			);
			dependencies = (
			);
			name = AmazonAssessment;
			productName = AmazonAssessment;
			productReference = 39ADE58A1F55BBC900171063 /* AmazonAssessment */;
			productType = "com.apple.product-type.tool";
		};
/* End PBXNativeTarget section */

/* Begin PBXProject section */
		39ADE5821F55BBC900171063 /* Project object */ = {
			isa = PBXProject;
			attributes = {
				LastUpgradeCheck = 0820;
				ORGANIZATIONNAME = "Elangbam, Johnson (J.)";
				TargetAttributes = {
					39ADE5891F55BBC900171063 = {
						CreatedOnToolsVersion = 8.2.1;
						ProvisioningStyle = Automatic;
					};
				};
			};
			buildConfigurationList = 39ADE5851F55BBC900171063 /* Build configuration list for PBXProject "AmazonAssessment" */;
			compatibilityVersion = "Xcode 3.2";
			developmentRegion = English;
			hasScannedForEncodings = 0;
			knownRegions = (
				en,
			);
			mainGroup = 39ADE5811F55BBC900171063;
			productRefGroup = 39ADE58B1F55BBC900171063 /* Products */;
			projectDirPath = "";
			projectRoot = "";
			targets = (
				39ADE5891F55BBC900171063 /* AmazonAssessment */,
			);
		};
/* End PBXProject section */

/* Begin PBXSourcesBuildPhase section */
		39ADE5861F55BBC900171063 /* Sources */ = {
			isa = PBXSourcesBuildPhase;
			buildActionMask = 2147483647;
			files = (
				39ADE58E1F55BBC900171063 /* main.cpp in Sources */,
				39BA33991F59BF3800F0FDCA /* PatternMatching.cpp in Sources */,
			);
			runOnlyForDeploymentPostprocessing = 0;
		};
/* End PBXSourcesBuildPhase section */

/* Begin XCBuildConfiguration section */
		39ADE58F1F55BBC900171063 /* Debug */ = {
			isa = XCBuildConfiguration;
			buildSettings = {
				ALWAYS_SEARCH_USER_PATHS = NO;
				CLANG_ANALYZER_NONNULL = YES;
				CLANG_CXX_LANGUAGE_STANDARD = "gnu++0x";
				CLANG_CXX_LIBRARY = "libc++";
				CLANG_ENABLE_MODULES = YES;
				CLANG_ENABLE_OBJC_ARC = YES;
				CLANG_WARN_BOOL_CONVERSION = YES;
				CLANG_WARN_CONSTANT_CONVERSION = YES;
				CLANG_WARN_DIRECT_OBJC_ISA_USAGE = YES_ERROR;
				CLANG_WARN_DOCUMENTATION_COMMENTS = YES;
				CLANG_WARN_EMPTY_BODY = YES;
				CLANG_WARN_ENUM_CONVERSION = YES;
				CLANG_WARN_INFINITE_RECURSION = YES;
				CLANG_WARN_INT_CONVERSION = YES;
				CLANG_WARN_OBJC_ROOT_CLASS = YES_ERROR;
				CLANG_WARN_SUSPICIOUS_MOVE = YES;
				CLANG_WARN_UNREACHABLE_CODE = YES;
				CLANG_WARN__DUPLICATE_METHOD_MATCH = YES;
				CODE_SIGN_IDENTITY = "-";
				COPY_PHASE_STRIP = NO;
				DEBUG_INFORMATION_FORMAT = dwarf;
				ENABLE_STRICT_OBJC_MSGSEND = YES;
				ENABLE_TESTABILITY = YES;
				GCC_C_LANGUAGE_STANDARD = gnu99;
				GCC_DYNAMIC_NO_PIC = NO;
				GCC_NO_COMMON_BLOCKS = YES;
				GCC_OPTIMIZATION_LEVEL = 0;
				GCC_PREPROCESSOR_DEFINITIONS = (
					"DEBUG=1",
					"$(inherited)",
				);
				GCC_WARN_64_TO_32_BIT_CONVERSION = YES;
				GCC_WARN_ABOUT_RETURN_TYPE = YES_ERROR;
				GCC_WARN_UNDECLARED_SELECTOR = YES;
				GCC_WARN_UNINITIALIZED_AUTOS = YES_AGGRESSIVE;
				GCC_WARN_UNUSED_FUNCTION = YES;
				GCC_WARN_UNUSED_VARIABLE = YES;
				MACOSX_DEPLOYMENT_TARGET = 10.12;
				MTL_ENABLE_DEBUG_INFO = YES;
				ONLY_ACTIVE_ARCH = YES;
				SDKROOT = macosx;
			};
			name = Debug;
		};
		39ADE5901F55BBC900171063 /* Release */ = {
			isa = XCBuildConfiguration;
			buildSettings = {
				ALWAYS_SEARCH_USER_PATHS = NO;
				CLANG_ANALYZER_NONNULL = YES;
				CLANG_CXX_LANGUAGE_STANDARD = "gnu++0x";
				CLANG_CXX_LIBRARY = "libc++";
				CLANG_ENABLE_MODULES = YES;
				CLANG_ENABLE_OBJC_ARC = YES;
				CLANG_WARN_BOOL_CONVERSION = YES;
				CLANG_WARN_CONSTANT_CONVERSION = YES;
				CLANG_WARN_DIRECT_OBJC_ISA_USAGE = YES_ERROR;
				CLANG_WARN_DOCUMENTATION_COMMENTS = YES;
				CLANG_WARN_EMPTY_BODY = YES;
				CLANG_WARN_ENUM_CONVERSION = YES;
				CLANG_WARN_INFINITE_RECURSION = YES;
				CLANG_WARN_INT_CONVERSION = YES;
				CLANG_WARN_OBJC_ROOT_CLASS = YES_ERROR;
				CLANG_WARN_SUSPICIOUS_MOVE = YES;
				CLANG_WARN_UNREACHABLE_CODE = YES;
				CLANG_WARN__DUPLICATE_METHOD_MATCH = YES;
				CODE_SIGN_IDENTITY = "-";
				COPY_PHASE_STRIP = NO;
				DEBUG_INFORMATION_FORMAT = "dwarf-with-dsym";
				ENABLE_NS_ASSERTIONS = NO;
				ENABLE_STRICT_OBJC_MSGSEND = YES;
				GCC_C_LANGUAGE_STANDARD = gnu99;
				GCC_NO_COMMON_BLOCKS = YES;
				GCC_WARN_64_TO_32_BIT_CONVERSION = YES;
				GCC_WARN_ABOUT_RETURN_TYPE = YES_ERROR;
				GCC_WARN_UNDECLARED_SELECTOR = YES;
				GCC_WARN_UNINITIALIZED_AUTOS = YES_AGGRESSIVE;
				GCC_WARN_UNUSED_FUNCTION = YES;
				GCC_WARN_UNUSED_VARIABLE = YES;
				MACOSX_DEPLOYMENT_TARGET = 10.12;
				MTL_ENABLE_DEBUG_INFO = NO;
				SDKROOT = macosx;
			};
			name = Release;
		};
		39ADE5921F55BBC900171063 /* Debug */ = {
			isa = XCBuildConfiguration;
			buildSettings = {
				PRODUCT_NAME = "$(TARGET_NAME)";
			};
			name = Debug;
		};
		39ADE5931F55BBC900171063 /* Release */ = {
			isa = XCBuildConfiguration;
			buildSettings = {
				PRODUCT_NAME = "$(TARGET_NAME)";
			};
			name = Release;
		};
/* End XCBuildConfiguration section */

/* Begin XCConfigurationList section */
		39ADE5851F55BBC900171063 /* Build configuration list for PBXProject "AmazonAssessment" */ = {
			isa = XCConfigurationList;
			buildConfigurations = (
				39ADE58F1F55BBC900171063 /* Debug */,
				39ADE5901F55BBC900171063 /* Release */,
			);
			defaultConfigurationIsVisible = 0;
			defaultConfigurationName = Release;
		};
		39ADE5911F55BBC900171063 /* Build configuration list for PBXNativeTarget "AmazonAssessment" */ = {
			isa = XCConfigurationList;
			buildConfigurations = (
				39ADE5921F55BBC900171063 /* Debug */,
				39ADE5931F55BBC900171063 /* Release */,
			);
			defaultConfigurationIsVisible = 0;
			defaultConfigurationName = Release;
		};
/* End XCConfigurationList section */
	};
	rootObject = 39ADE5821F55BBC900171063 /* Project object */;
}
